
Microsoft Visual Studio Solution File, Format Version 12.00
Project("{FAE04EC0-301F-11D3-BF4B-00C04F79EFBC}") = "SkillMicroservice.Domain", "src\SkillMicroservice.Domain\SkillMicroservice.Domain.csproj", "{2AEF264B-E9BC-4C54-8305-A0669AD208F3}"
EndProject
Project("{FAE04EC0-301F-11D3-BF4B-00C04F79EFBC}") = "SkillMicroservice.Application", "src\SkillMicroservice.Application\SkillMicroservice.Application.csproj", "{F4B112F9-FC8C-48B4-AD72-549DA10B4646}"
EndProject
Project("{FAE04EC0-301F-11D3-BF4B-00C04F79EFBC}") = "SkillMicroservice.Infrastructure", "src\SkillMicroservice.Infrastructure\SkillMicroservice.Infrastructure.csproj", "{78F72F9D-B968-4CA9-AA15-4E23C243D826}"
EndProject
Project("{FAE04EC0-301F-11D3-BF4B-00C04F79EFBC}") = "SkillMicroservice.Presentation", "src\SkillMicroservice.Presentation\SkillMicroservice.Presentation.csproj", "{EFE97097-09C0-483E-8306-DD3293AA7932}"
EndProject
Global
	GlobalSection(SolutionConfigurationPlatforms) = preSolution
		Debug|Any CPU = Debug|Any CPU
		Release|Any CPU = Release|Any CPU
	EndGlobalSection
	GlobalSection(ProjectConfigurationPlatforms) = postSolution
		{2AEF264B-E9BC-4C54-8305-A0669AD208F3}.Debug|Any CPU.ActiveCfg = Debug|Any CPU
		{2AEF264B-E9BC-4C54-8305-A0669AD208F3}.Debug|Any CPU.Build.0 = Debug|Any CPU
		{2AEF264B-E9BC-4C54-8305-A0669AD208F3}.Release|Any CPU.ActiveCfg = Release|Any CPU
		{2AEF264B-E9BC-4C54-8305-A0669AD208F3}.Release|Any CPU.Build.0 = Release|Any CPU
		{F4B112F9-FC8C-48B4-AD72-549DA10B4646}.Debug|Any CPU.ActiveCfg = Debug|Any CPU
		{F4B112F9-FC8C-48B4-AD72-549DA10B4646}.Debug|Any CPU.Build.0 = Debug|Any CPU
		{F4B112F9-FC8C-48B4-AD72-549DA10B4646}.Release|Any CPU.ActiveCfg = Release|Any CPU
		{F4B112F9-FC8C-48B4-AD72-549DA10B4646}.Release|Any CPU.Build.0 = Release|Any CPU
		{78F72F9D-B968-4CA9-AA15-4E23C243D826}.Debug|Any CPU.ActiveCfg = Debug|Any CPU
		{78F72F9D-B968-4CA9-AA15-4E23C243D826}.Debug|Any CPU.Build.0 = Debug|Any CPU
		{78F72F9D-B968-4CA9-AA15-4E23C243D826}.Release|Any CPU.ActiveCfg = Release|Any CPU
		{78F72F9D-B968-4CA9-AA15-4E23C243D826}.Release|Any CPU.Build.0 = Release|Any CPU
		{EFE97097-09C0-483E-8306-DD3293AA7932}.Debug|Any CPU.ActiveCfg = Debug|Any CPU
		{EFE97097-09C0-483E-8306-DD3293AA7932}.Debug|Any CPU.Build.0 = Debug|Any CPU
		{EFE97097-09C0-483E-8306-DD3293AA7932}.Release|Any CPU.ActiveCfg = Release|Any CPU
		{EFE97097-09C0-483E-8306-DD3293AA7932}.Release|Any CPU.Build.0 = Release|Any CPU
	EndGlobalSection
EndGlobal
