
Microsoft Visual Studio Solution File, Format Version 12.00
Project("{FAE04EC0-301F-11D3-BF4B-00C04F79EFBC}") = "ItemMicroservice.Presentation", "src\ItemMicroservice.Presentation\ItemMicroservice.Presentation.csproj", "{401A8374-D1D7-4B1E-8494-5C5075254B81}"
EndProject
Project("{FAE04EC0-301F-11D3-BF4B-00C04F79EFBC}") = "ItemMicroservice.Infrastructure", "src\ItemMicroservice.Infrastructure\ItemMicroservice.Infrastructure.csproj", "{F87EDC50-EC1A-4178-9C2D-1BDE54402E37}"
EndProject
Project("{FAE04EC0-301F-11D3-BF4B-00C04F79EFBC}") = "ItemMicroservice.Domain", "src\ItemMicroservice.Domain\ItemMicroservice.Domain.csproj", "{EF9B7179-3735-4F57-8DD2-1AD749B07EEF}"
EndProject
Project("{FAE04EC0-301F-11D3-BF4B-00C04F79EFBC}") = "ItemMicroservice.Application", "src\ItemMicroservice.Application\ItemMicroservice.Application.csproj", "{4410E452-C0C0-4AE5-95B7-346652BCC8C7}"
EndProject
Project("{FAE04EC0-301F-11D3-BF4B-00C04F79EFBC}") = "MessageBroker", "..\..\SharedLibraries\MessageBroker\MessageBroker.csproj", "{46D25FAD-5597-4A10-A2F9-F84FD7FF906D}"
EndProject
Global
	GlobalSection(SolutionConfigurationPlatforms) = preSolution
		Debug|Any CPU = Debug|Any CPU
		Release|Any CPU = Release|Any CPU
	EndGlobalSection
	GlobalSection(ProjectConfigurationPlatforms) = postSolution
		{401A8374-D1D7-4B1E-8494-5C5075254B81}.Debug|Any CPU.ActiveCfg = Debug|Any CPU
		{401A8374-D1D7-4B1E-8494-5C5075254B81}.Debug|Any CPU.Build.0 = Debug|Any CPU
		{401A8374-D1D7-4B1E-8494-5C5075254B81}.Release|Any CPU.ActiveCfg = Release|Any CPU
		{401A8374-D1D7-4B1E-8494-5C5075254B81}.Release|Any CPU.Build.0 = Release|Any CPU
		{F87EDC50-EC1A-4178-9C2D-1BDE54402E37}.Debug|Any CPU.ActiveCfg = Debug|Any CPU
		{F87EDC50-EC1A-4178-9C2D-1BDE54402E37}.Debug|Any CPU.Build.0 = Debug|Any CPU
		{F87EDC50-EC1A-4178-9C2D-1BDE54402E37}.Release|Any CPU.ActiveCfg = Release|Any CPU
		{F87EDC50-EC1A-4178-9C2D-1BDE54402E37}.Release|Any CPU.Build.0 = Release|Any CPU
		{EF9B7179-3735-4F57-8DD2-1AD749B07EEF}.Debug|Any CPU.ActiveCfg = Debug|Any CPU
		{EF9B7179-3735-4F57-8DD2-1AD749B07EEF}.Debug|Any CPU.Build.0 = Debug|Any CPU
		{EF9B7179-3735-4F57-8DD2-1AD749B07EEF}.Release|Any CPU.ActiveCfg = Release|Any CPU
		{EF9B7179-3735-4F57-8DD2-1AD749B07EEF}.Release|Any CPU.Build.0 = Release|Any CPU
		{4410E452-C0C0-4AE5-95B7-346652BCC8C7}.Debug|Any CPU.ActiveCfg = Debug|Any CPU
		{4410E452-C0C0-4AE5-95B7-346652BCC8C7}.Debug|Any CPU.Build.0 = Debug|Any CPU
		{4410E452-C0C0-4AE5-95B7-346652BCC8C7}.Release|Any CPU.ActiveCfg = Release|Any CPU
		{4410E452-C0C0-4AE5-95B7-346652BCC8C7}.Release|Any CPU.Build.0 = Release|Any CPU
		{46D25FAD-5597-4A10-A2F9-F84FD7FF906D}.Debug|Any CPU.ActiveCfg = Debug|Any CPU
		{46D25FAD-5597-4A10-A2F9-F84FD7FF906D}.Debug|Any CPU.Build.0 = Debug|Any CPU
		{46D25FAD-5597-4A10-A2F9-F84FD7FF906D}.Release|Any CPU.ActiveCfg = Release|Any CPU
		{46D25FAD-5597-4A10-A2F9-F84FD7FF906D}.Release|Any CPU.Build.0 = Release|Any CPU
	EndGlobalSection
EndGlobal
